
Microsoft Visual Studio Solution File, Format Version 12.00
# Visual Studio Version 17
VisualStudioVersion = 17.8.34511.84
MinimumVisualStudioVersion = 10.0.40219.1
Project("{FAE04EC0-301F-11D3-BF4B-00C04F79EFBC}") = "interfazestudiantematricula", "interfazestudiantematricula\interfazestudiantematricula.csproj", "{35EBD990-F4F4-4172-B84B-B1EC507CEF10}"
EndProject
Global
	GlobalSection(SolutionConfigurationPlatforms) = preSolution
		Debug|Any CPU = Debug|Any CPU
		Release|Any CPU = Release|Any CPU
	EndGlobalSection
	GlobalSection(ProjectConfigurationPlatforms) = postSolution
		{35EBD990-F4F4-4172-B84B-B1EC507CEF10}.Debug|Any CPU.ActiveCfg = Debug|Any CPU
		{35EBD990-F4F4-4172-B84B-B1EC507CEF10}.Debug|Any CPU.Build.0 = Debug|Any CPU
		{35EBD990-F4F4-4172-B84B-B1EC507CEF10}.Release|Any CPU.ActiveCfg = Release|Any CPU
		{35EBD990-F4F4-4172-B84B-B1EC507CEF10}.Release|Any CPU.Build.0 = Release|Any CPU
	EndGlobalSection
	GlobalSection(SolutionProperties) = preSolution
		HideSolutionNode = FALSE
	EndGlobalSection
	GlobalSection(ExtensibilityGlobals) = postSolution
		SolutionGuid = {B30E5686-AC37-4C77-9A41-06E455B7BDBC}
	EndGlobalSection
EndGlobal
